// !$*UTF8*$!
{
	archiveVersion = 1;
	classes = {
	};
	objectVersion = 50;
	objects = {

/* Begin PBXBuildFile section */
		260F894820B197C500A6134C /* AppDelegate.swift in Sources */ = {isa = PBXBuildFile; fileRef = 260F894720B197C500A6134C /* AppDelegate.swift */; };
		260F894A20B197C500A6134C /* ViewController.swift in Sources */ = {isa = PBXBuildFile; fileRef = 260F894920B197C500A6134C /* ViewController.swift */; };
		260F894D20B197C500A6134C /* Main.storyboard in Resources */ = {isa = PBXBuildFile; fileRef = 260F894B20B197C500A6134C /* Main.storyboard */; };
		260F895020B197C500A6134C /* MLMusicComposition.xcdatamodeld in Sources */ = {isa = PBXBuildFile; fileRef = 260F894E20B197C500A6134C /* MLMusicComposition.xcdatamodeld */; };
		260F895220B197C700A6134C /* Assets.xcassets in Resources */ = {isa = PBXBuildFile; fileRef = 260F895120B197C700A6134C /* Assets.xcassets */; };
		260F895520B197C700A6134C /* LaunchScreen.storyboard in Resources */ = {isa = PBXBuildFile; fileRef = 260F895320B197C700A6134C /* LaunchScreen.storyboard */; };
		260F895D20B1984800A6134C /* TypeDefinitions.swift in Sources */ = {isa = PBXBuildFile; fileRef = 260F895C20B1984800A6134C /* TypeDefinitions.swift */; };
/* End PBXBuildFile section */

/* Begin PBXFileReference section */
		260F894420B197C500A6134C /* MLMusicComposition.app */ = {isa = PBXFileReference; explicitFileType = wrapper.application; includeInIndex = 0; path = MLMusicComposition.app; sourceTree = BUILT_PRODUCTS_DIR; };
		260F894720B197C500A6134C /* AppDelegate.swift */ = {isa = PBXFileReference; lastKnownFileType = sourcecode.swift; path = AppDelegate.swift; sourceTree = "<group>"; };
		260F894920B197C500A6134C /* ViewController.swift */ = {isa = PBXFileReference; lastKnownFileType = sourcecode.swift; path = ViewController.swift; sourceTree = "<group>"; };
		260F894C20B197C500A6134C /* Base */ = {isa = PBXFileReference; lastKnownFileType = file.storyboard; name = Base; path = Base.lproj/Main.storyboard; sourceTree = "<group>"; };
		260F894F20B197C500A6134C /* MLMusicComposition.xcdatamodel */ = {isa = PBXFileReference; lastKnownFileType = wrapper.xcdatamodel; path = MLMusicComposition.xcdatamodel; sourceTree = "<group>"; };
		260F895120B197C700A6134C /* Assets.xcassets */ = {isa = PBXFileReference; lastKnownFileType = folder.assetcatalog; path = Assets.xcassets; sourceTree = "<group>"; };
		260F895420B197C700A6134C /* Base */ = {isa = PBXFileReference; lastKnownFileType = file.storyboard; name = Base; path = Base.lproj/LaunchScreen.storyboard; sourceTree = "<group>"; };
		260F895620B197C700A6134C /* Info.plist */ = {isa = PBXFileReference; lastKnownFileType = text.plist.xml; path = Info.plist; sourceTree = "<group>"; };
		260F895C20B1984800A6134C /* TypeDefinitions.swift */ = {isa = PBXFileReference; lastKnownFileType = sourcecode.swift; path = TypeDefinitions.swift; sourceTree = "<group>"; };
/* End PBXFileReference section */

/* Begin PBXFrameworksBuildPhase section */
		260F894120B197C500A6134C /* Frameworks */ = {
			isa = PBXFrameworksBuildPhase;
			buildActionMask = 2147483647;
			files = (
			);
			runOnlyForDeploymentPostprocessing = 0;
		};
/* End PBXFrameworksBuildPhase section */

/* Begin PBXGroup section */
		260F893B20B197C500A6134C = {
			isa = PBXGroup;
			children = (
				260F894620B197C500A6134C /* MLMusicComposition */,
				260F894520B197C500A6134C /* Products */,
			);
			sourceTree = "<group>";
		};
		260F894520B197C500A6134C /* Products */ = {
			isa = PBXGroup;
			children = (
				260F894420B197C500A6134C /* MLMusicComposition.app */,
			);
			name = Products;
			sourceTree = "<group>";
		};
		260F894620B197C500A6134C /* MLMusicComposition */ = {
			isa = PBXGroup;
			children = (
				260F894720B197C500A6134C /* AppDelegate.swift */,
				260F894920B197C500A6134C /* ViewController.swift */,
				260F895C20B1984800A6134C /* TypeDefinitions.swift */,
				260F894B20B197C500A6134C /* Main.storyboard */,
				260F895120B197C700A6134C /* Assets.xcassets */,
				260F895320B197C700A6134C /* LaunchScreen.storyboard */,
				260F895620B197C700A6134C /* Info.plist */,
				260F894E20B197C500A6134C /* MLMusicComposition.xcdatamodeld */,
			);
			path = MLMusicComposition;
			sourceTree = "<group>";
		};
/* End PBXGroup section */

/* Begin PBXNativeTarget section */
		260F894320B197C500A6134C /* MLMusicComposition */ = {
			isa = PBXNativeTarget;
			buildConfigurationList = 260F895920B197C700A6134C /* Build configuration list for PBXNativeTarget "MLMusicComposition" */;
			buildPhases = (
				260F894020B197C500A6134C /* Sources */,
				260F894120B197C500A6134C /* Frameworks */,
				260F894220B197C500A6134C /* Resources */,
			);
			buildRules = (
			);
			dependencies = (
			);
			name = MLMusicComposition;
			productName = MLMusicComposition;
			productReference = 260F894420B197C500A6134C /* MLMusicComposition.app */;
			productType = "com.apple.product-type.application";
		};
/* End PBXNativeTarget section */

/* Begin PBXProject section */
		260F893C20B197C500A6134C /* Project object */ = {
			isa = PBXProject;
			attributes = {
				LastSwiftUpdateCheck = 0930;
				LastUpgradeCheck = 0930;
				ORGANIZATIONNAME = "Jiang Yuyang";
				TargetAttributes = {
					260F894320B197C500A6134C = {
						CreatedOnToolsVersion = 9.3.1;
					};
				};
			};
			buildConfigurationList = 260F893F20B197C500A6134C /* Build configuration list for PBXProject "MLMusicComposition" */;
			compatibilityVersion = "Xcode 9.3";
			developmentRegion = en;
			hasScannedForEncodings = 0;
			knownRegions = (
				en,
				Base,
			);
			mainGroup = 260F893B20B197C500A6134C;
			productRefGroup = 260F894520B197C500A6134C /* Products */;
			projectDirPath = "";
			projectRoot = "";
			targets = (
				260F894320B197C500A6134C /* MLMusicComposition */,
			);
		};
/* End PBXProject section */

/* Begin PBXResourcesBuildPhase section */
		260F894220B197C500A6134C /* Resources */ = {
			isa = PBXResourcesBuildPhase;
			buildActionMask = 2147483647;
			files = (
				260F895520B197C700A6134C /* LaunchScreen.storyboard in Resources */,
				260F895220B197C700A6134C /* Assets.xcassets in Resources */,
				260F894D20B197C500A6134C /* Main.storyboard in Resources */,
			);
			runOnlyForDeploymentPostprocessing = 0;
		};
/* End PBXResourcesBuildPhase section */

/* Begin PBXSourcesBuildPhase section */
		260F894020B197C500A6134C /* Sources */ = {
			isa = PBXSourcesBuildPhase;
			buildActionMask = 2147483647;
			files = (
				260F895020B197C500A6134C /* MLMusicComposition.xcdatamodeld in Sources */,
				260F894A20B197C500A6134C /* ViewController.swift in Sources */,
				260F895D20B1984800A6134C /* TypeDefinitions.swift in Sources */,
				260F894820B197C500A6134C /* AppDelegate.swift in Sources */,
			);
			runOnlyForDeploymentPostprocessing = 0;
		};
/* End PBXSourcesBuildPhase section */

/* Begin PBXVariantGroup section */
		260F894B20B197C500A6134C /* Main.storyboard */ = {
			isa = PBXVariantGroup;
			children = (
				260F894C20B197C500A6134C /* Base */,
			);
			name = Main.storyboard;
			sourceTree = "<group>";
		};
		260F895320B197C700A6134C /* LaunchScreen.storyboard */ = {
			isa = PBXVariantGroup;
			children = (
				260F895420B197C700A6134C /* Base */,
			);
			name = LaunchScreen.storyboard;
			sourceTree = "<group>";
		};
/* End PBXVariantGroup section */

/* Begin XCBuildConfiguration section */
		260F895720B197C700A6134C /* Debug */ = {
			isa = XCBuildConfiguration;
			buildSettings = {
				ALWAYS_SEARCH_USER_PATHS = NO;
				CLANG_ANALYZER_NONNULL = YES;
				CLANG_ANALYZER_NUMBER_OBJECT_CONVERSION = YES_AGGRESSIVE;
				CLANG_CXX_LANGUAGE_STANDARD = "gnu++14";
				CLANG_CXX_LIBRARY = "libc++";
				CLANG_ENABLE_MODULES = YES;
				CLANG_ENABLE_OBJC_ARC = YES;
				CLANG_ENABLE_OBJC_WEAK = YES;
				CLANG_WARN_BLOCK_CAPTURE_AUTORELEASING = YES;
				CLANG_WARN_BOOL_CONVERSION = YES;
				CLANG_WARN_COMMA = YES;
				CLANG_WARN_CONSTANT_CONVERSION = YES;
				CLANG_WARN_DEPRECATED_OBJC_IMPLEMENTATIONS = YES;
				CLANG_WARN_DIRECT_OBJC_ISA_USAGE = YES_ERROR;
				CLANG_WARN_DOCUMENTATION_COMMENTS = YES;
				CLANG_WARN_EMPTY_BODY = YES;
				CLANG_WARN_ENUM_CONVERSION = YES;
				CLANG_WARN_INFINITE_RECURSION = YES;
				CLANG_WARN_INT_CONVERSION = YES;
				CLANG_WARN_NON_LITERAL_NULL_CONVERSION = YES;
				CLANG_WARN_OBJC_IMPLICIT_RETAIN_SELF = YES;
				CLANG_WARN_OBJC_LITERAL_CONVERSION = YES;
				CLANG_WARN_OBJC_ROOT_CLASS = YES_ERROR;
				CLANG_WARN_RANGE_LOOP_ANALYSIS = YES;
				CLANG_WARN_STRICT_PROTOTYPES = YES;
				CLANG_WARN_SUSPICIOUS_MOVE = YES;
				CLANG_WARN_UNGUARDED_AVAILABILITY = YES_AGGRESSIVE;
				CLANG_WARN_UNREACHABLE_CODE = YES;
				CLANG_WARN__DUPLICATE_METHOD_MATCH = YES;
				CODE_SIGN_IDENTITY = "iPhone Developer";
				COPY_PHASE_STRIP = NO;
				DEBUG_INFORMATION_FORMAT = dwarf;
				ENABLE_STRICT_OBJC_MSGSEND = YES;
				ENABLE_TESTABILITY = YES;
				GCC_C_LANGUAGE_STANDARD = gnu11;
				GCC_DYNAMIC_NO_PIC = NO;
				GCC_NO_COMMON_BLOCKS = YES;
				GCC_OPTIMIZATION_LEVEL = 0;
				GCC_PREPROCESSOR_DEFINITIONS = (
					"DEBUG=1",
					"$(inherited)",
				);
				GCC_WARN_64_TO_32_BIT_CONVERSION = YES;
				GCC_WARN_ABOUT_RETURN_TYPE = YES_ERROR;
				GCC_WARN_UNDECLARED_SELECTOR = YES;
				GCC_WARN_UNINITIALIZED_AUTOS = YES_AGGRESSIVE;
				GCC_WARN_UNUSED_FUNCTION = YES;
				GCC_WARN_UNUSED_VARIABLE = YES;
				IPHONEOS_DEPLOYMENT_TARGET = 11.3;
				MTL_ENABLE_DEBUG_INFO = YES;
				ONLY_ACTIVE_ARCH = YES;
				SDKROOT = iphoneos;
				SWIFT_ACTIVE_COMPILATION_CONDITIONS = DEBUG;
				SWIFT_OPTIMIZATION_LEVEL = "-Onone";
			};
			name = Debug;
		};
		260F895820B197C700A6134C /* Release */ = {
			isa = XCBuildConfiguration;
			buildSettings = {
				ALWAYS_SEARCH_USER_PATHS = NO;
				CLANG_ANALYZER_NONNULL = YES;
				CLANG_ANALYZER_NUMBER_OBJECT_CONVERSION = YES_AGGRESSIVE;
				CLANG_CXX_LANGUAGE_STANDARD = "gnu++14";
				CLANG_CXX_LIBRARY = "libc++";
				CLANG_ENABLE_MODULES = YES;
				CLANG_ENABLE_OBJC_ARC = YES;
				CLANG_ENABLE_OBJC_WEAK = YES;
				CLANG_WARN_BLOCK_CAPTURE_AUTORELEASING = YES;
				CLANG_WARN_BOOL_CONVERSION = YES;
				CLANG_WARN_COMMA = YES;
				CLANG_WARN_CONSTANT_CONVERSION = YES;
				CLANG_WARN_DEPRECATED_OBJC_IMPLEMENTATIONS = YES;
				CLANG_WARN_DIRECT_OBJC_ISA_USAGE = YES_ERROR;
				CLANG_WARN_DOCUMENTATION_COMMENTS = YES;
				CLANG_WARN_EMPTY_BODY = YES;
				CLANG_WARN_ENUM_CONVERSION = YES;
				CLANG_WARN_INFINITE_RECURSION = YES;
				CLANG_WARN_INT_CONVERSION = YES;
				CLANG_WARN_NON_LITERAL_NULL_CONVERSION = YES;
				CLANG_WARN_OBJC_IMPLICIT_RETAIN_SELF = YES;
				CLANG_WARN_OBJC_LITERAL_CONVERSION = YES;
				CLANG_WARN_OBJC_ROOT_CLASS = YES_ERROR;
				CLANG_WARN_RANGE_LOOP_ANALYSIS = YES;
				CLANG_WARN_STRICT_PROTOTYPES = YES;
				CLANG_WARN_SUSPICIOUS_MOVE = YES;
				CLANG_WARN_UNGUARDED_AVAILABILITY = YES_AGGRESSIVE;
				CLANG_WARN_UNREACHABLE_CODE = YES;
				CLANG_WARN__DUPLICATE_METHOD_MATCH = YES;
				CODE_SIGN_IDENTITY = "iPhone Developer";
				COPY_PHASE_STRIP = NO;
				DEBUG_INFORMATION_FORMAT = "dwarf-with-dsym";
				ENABLE_NS_ASSERTIONS = NO;
				ENABLE_STRICT_OBJC_MSGSEND = YES;
				GCC_C_LANGUAGE_STANDARD = gnu11;
				GCC_NO_COMMON_BLOCKS = YES;
				GCC_WARN_64_TO_32_BIT_CONVERSION = YES;
				GCC_WARN_ABOUT_RETURN_TYPE = YES_ERROR;
				GCC_WARN_UNDECLARED_SELECTOR = YES;
				GCC_WARN_UNINITIALIZED_AUTOS = YES_AGGRESSIVE;
				GCC_WARN_UNUSED_FUNCTION = YES;
				GCC_WARN_UNUSED_VARIABLE = YES;
				IPHONEOS_DEPLOYMENT_TARGET = 11.3;
				MTL_ENABLE_DEBUG_INFO = NO;
				SDKROOT = iphoneos;
				SWIFT_COMPILATION_MODE = wholemodule;
				SWIFT_OPTIMIZATION_LEVEL = "-O";
				VALIDATE_PRODUCT = YES;
			};
			name = Release;
		};
		260F895A20B197C700A6134C /* Debug */ = {
			isa = XCBuildConfiguration;
			buildSettings = {
				ASSETCATALOG_COMPILER_APPICON_NAME = AppIcon;
				CODE_SIGN_STYLE = Automatic;
				DEVELOPMENT_TEAM = 7SL3G5H843;
				INFOPLIST_FILE = MLMusicComposition/Info.plist;
				LD_RUNPATH_SEARCH_PATHS = (
					"$(inherited)",
					"@executable_path/Frameworks",
				);
				PRODUCT_BUNDLE_IDENTIFIER = com.google.huyuu258.MLMusicComposition;
				PRODUCT_NAME = "$(TARGET_NAME)";
				SWIFT_VERSION = 4.0;
				TARGETED_DEVICE_FAMILY = "1,2";
			};
			name = Debug;
		};
		260F895B20B197C700A6134C /* Release */ = {
			isa = XCBuildConfiguration;
			buildSettings = {
				ASSETCATALOG_COMPILER_APPICON_NAME = AppIcon;
				CODE_SIGN_STYLE = Automatic;
				DEVELOPMENT_TEAM = 7SL3G5H843;
				INFOPLIST_FILE = MLMusicComposition/Info.plist;
				LD_RUNPATH_SEARCH_PATHS = (
					"$(inherited)",
					"@executable_path/Frameworks",
				);
				PRODUCT_BUNDLE_IDENTIFIER = com.google.huyuu258.MLMusicComposition;
				PRODUCT_NAME = "$(TARGET_NAME)";
				SWIFT_VERSION = 4.0;
				TARGETED_DEVICE_FAMILY = "1,2";
			};
			name = Release;
		};
/* End XCBuildConfiguration section */

/* Begin XCConfigurationList section */
		260F893F20B197C500A6134C /* Build configuration list for PBXProject "MLMusicComposition" */ = {
			isa = XCConfigurationList;
			buildConfigurations = (
				260F895720B197C700A6134C /* Debug */,
				260F895820B197C700A6134C /* Release */,
			);
			defaultConfigurationIsVisible = 0;
			defaultConfigurationName = Release;
		};
		260F895920B197C700A6134C /* Build configuration list for PBXNativeTarget "MLMusicComposition" */ = {
			isa = XCConfigurationList;
			buildConfigurations = (
				260F895A20B197C700A6134C /* Debug */,
				260F895B20B197C700A6134C /* Release */,
			);
			defaultConfigurationIsVisible = 0;
			defaultConfigurationName = Release;
		};
/* End XCConfigurationList section */

/* Begin XCVersionGroup section */
		260F894E20B197C500A6134C /* MLMusicComposition.xcdatamodeld */ = {
			isa = XCVersionGroup;
			children = (
				260F894F20B197C500A6134C /* MLMusicComposition.xcdatamodel */,
			);
			currentVersion = 260F894F20B197C500A6134C /* MLMusicComposition.xcdatamodel */;
			path = MLMusicComposition.xcdatamodeld;
			sourceTree = "<group>";
			versionGroupType = wrapper.xcdatamodel;
		};
/* End XCVersionGroup section */
	};
	rootObject = 260F893C20B197C500A6134C /* Project object */;
}
